<?xml version="1.0" encoding="utf-8"?>
<Project ToolsVersion="4.0" xmlns="http://schemas.microsoft.com/developer/msbuild/2003">
  <ItemGroup>
    <Filter Include="Src">
      <UniqueIdentifier>{b1287ba4-91eb-44ef-bf19-1ea1f2208e6c}</UniqueIdentifier>
    </Filter>
    <Filter Include="Src\Common">
      <UniqueIdentifier>{4affd19c-0df2-4398-95e3-acfd4c643e1c}</UniqueIdentifier>
    </Filter>
    <Filter Include="Src\Base">
      <UniqueIdentifier>{dcf33863-6434-43d4-916e-3e61823696f2}</UniqueIdentifier>
    </Filter>
    <Filter Include="Src\PacketProc">
      <UniqueIdentifier>{735e4b74-9b95-4e12-9eef-2aa9c5b6c014}</UniqueIdentifier>
    </Filter>
    <Filter Include="Src\Common\PacketParser">
      <UniqueIdentifier>{4f14588c-d335-4b9d-b18f-30ea2fe4922b}</UniqueIdentifier>
    </Filter>
    <Filter Include="Src\Common\DataStruct">
      <UniqueIdentifier>{5620b529-5b49-407f-97dc-03ecfd42b152}</UniqueIdentifier>
    </Filter>
    <Filter Include="Src\ClientMgr">
      <UniqueIdentifier>{e832a048-cfe9-4869-a584-2245e18f6150}</UniqueIdentifier>
    </Filter>
    <Filter Include="Src\Common\TimerMgr">
      <UniqueIdentifier>{bd06d248-c5d0-4e58-9fe7-31cac9edc524}</UniqueIdentifier>
    </Filter>
  </ItemGroup>
  <ItemGroup>
    <ClCompile Include="..\..\Src\Server\Base\RouterMgr.cpp">
      <Filter>Src\Base</Filter>
    </ClCompile>
    <ClCompile Include="..\..\Src\Server\Base\NetAdapter.cpp">
      <Filter>Src\Base</Filter>
    </ClCompile>
    <ClCompile Include="..\..\Src\Server\Base\PacketHandler.cpp">
      <Filter>Src\Base</Filter>
    </ClCompile>
    <ClCompile Include="..\..\Src\Server\Base\ServerContext.cpp">
      <Filter>Src\Base</Filter>
    </ClCompile>
    <ClCompile Include="..\..\Src\Server\Base\Service.cpp">
      <Filter>Src\Base</Filter>
    </ClCompile>
    <ClCompile Include="..\..\Src\Server\GateServer\PacketProc\GatewayPacketHandler.cpp">
      <Filter>Src\PacketProc</Filter>
    </ClCompile>
    <ClCompile Include="..\..\Src\Server\GateServer\PacketProc\GatewayPacketProc.cpp">
      <Filter>Src\PacketProc</Filter>
    </ClCompile>
    <ClCompile Include="..\..\Src\Server\GateServer\Gateway.cpp">
      <Filter>Src</Filter>
    </ClCompile>
    <ClCompile Include="..\..\Src\Server\GateServer\Main.cpp">
      <Filter>Src</Filter>
    </ClCompile>
    <ClCompile Include="..\..\Src\Common\PacketParser\PacketReader.cpp">
      <Filter>Src\Common\PacketParser</Filter>
    </ClCompile>
    <ClCompile Include="..\..\Src\Common\PacketParser\PacketWriter.cpp">
      <Filter>Src\Common\PacketParser</Filter>
    </ClCompile>
    <ClCompile Include="..\..\Src\Common\DataStruct\XString.cpp">
      <Filter>Src\Common\DataStruct</Filter>
    </ClCompile>
    <ClCompile Include="..\..\Src\Server\GateServer\ClientMgr\ClientMgr.cpp">
      <Filter>Src\ClientMgr</Filter>
    </ClCompile>
    <ClCompile Include="..\..\Src\Common\TimerMgr\Timer.cpp">
      <Filter>Src\Common\TimerMgr</Filter>
    </ClCompile>
    <ClCompile Include="..\..\Src\Common\TimerMgr\TimerMgr.cpp">
      <Filter>Src\Common\TimerMgr</Filter>
    </ClCompile>
    <ClCompile Include="..\..\Src\Server\GateServer\ClientMgr\Client.cpp">
      <Filter>Src\ClientMgr</Filter>
    </ClCompile>
    <ClCompile Include="..\..\Src\Server\Base\MsgBalancer.cpp">
      <Filter>Src\Base</Filter>
    </ClCompile>
  </ItemGroup>
  <ItemGroup>
    <ClInclude Include="..\..\Src\Server\Base\Service.h">
      <Filter>Src\Base</Filter>
    </ClInclude>
    <ClInclude Include="..\..\Src\Server\Base\ServerContext.h">
      <Filter>Src\Base</Filter>
    </ClInclude>
    <ClInclude Include="..\..\Src\Server\Base\PacketHandler.h">
      <Filter>Src\Base</Filter>
    </ClInclude>
    <ClInclude Include="..\..\Src\Server\Base\RouterMgr.h">
      <Filter>Src\Base</Filter>
    </ClInclude>
    <ClInclude Include="..\..\Src\Server\Base\NetAdapter.h">
      <Filter>Src\Base</Filter>
    </ClInclude>
    <ClInclude Include="..\..\Src\Server\Base\CmdDef.h">
      <Filter>Src\Base</Filter>
    </ClInclude>
    <ClInclude Include="..\..\Src\Server\GateServer\PacketProc\GatewayPacketHandler.h">
      <Filter>Src\PacketProc</Filter>
    </ClInclude>
    <ClInclude Include="..\..\Src\Server\GateServer\PacketProc\GatewayPacketProc.h">
      <Filter>Src\PacketProc</Filter>
    </ClInclude>
    <ClInclude Include="..\..\Src\Server\GateServer\Gateway.h">
      <Filter>Src</Filter>
    </ClInclude>
    <ClInclude Include="..\..\Src\Common\PacketParser\PacketReader.h">
      <Filter>Src\Common\PacketParser</Filter>
    </ClInclude>
    <ClInclude Include="..\..\Src\Common\PacketParser\PacketWriter.h">
      <Filter>Src\Common\PacketParser</Filter>
    </ClInclude>
    <ClInclude Include="..\..\Src\Common\DataStruct\Array.h">
      <Filter>Src\Common\DataStruct</Filter>
    </ClInclude>
    <ClInclude Include="..\..\Src\Common\DataStruct\CircleQueue.h">
      <Filter>Src\Common\DataStruct</Filter>
    </ClInclude>
    <ClInclude Include="..\..\Src\Common\DataStruct\Encoding.h">
      <Filter>Src\Common\DataStruct</Filter>
    </ClInclude>
    <ClInclude Include="..\..\Src\Common\DataStruct\Encrypt.h">
      <Filter>Src\Common\DataStruct</Filter>
    </ClInclude>
    <ClInclude Include="..\..\Src\Common\DataStruct\HList.h">
      <Filter>Src\Common\DataStruct</Filter>
    </ClInclude>
    <ClInclude Include="..\..\Src\Common\DataStruct\List.h">
      <Filter>Src\Common\DataStruct</Filter>
    </ClInclude>
    <ClInclude Include="..\..\Src\Common\DataStruct\Md5.h">
      <Filter>Src\Common\DataStruct</Filter>
    </ClInclude>
    <ClInclude Include="..\..\Src\Common\DataStruct\Memory.h">
      <Filter>Src\Common\DataStruct</Filter>
    </ClInclude>
    <ClInclude Include="..\..\Src\Common\DataStruct\MemPool.h">
      <Filter>Src\Common\DataStruct</Filter>
    </ClInclude>
    <ClInclude Include="..\..\Src\Common\DataStruct\MinHeap.h">
      <Filter>Src\Common\DataStruct</Filter>
    </ClInclude>
    <ClInclude Include="..\..\Src\Common\DataStruct\MsgQueue.h">
      <Filter>Src\Common\DataStruct</Filter>
    </ClInclude>
    <ClInclude Include="..\..\Src\Common\DataStruct\MutexLock.h">
      <Filter>Src\Common\DataStruct</Filter>
    </ClInclude>
    <ClInclude Include="..\..\Src\Common\DataStruct\Point.h">
      <Filter>Src\Common\DataStruct</Filter>
    </ClInclude>
    <ClInclude Include="..\..\Src\Common\DataStruct\PureList.h">
      <Filter>Src\Common\DataStruct</Filter>
    </ClInclude>
    <ClInclude Include="..\..\Src\Common\DataStruct\Regexp.h">
      <Filter>Src\Common\DataStruct</Filter>
    </ClInclude>
    <ClInclude Include="..\..\Src\Common\DataStruct\RWLock.h">
      <Filter>Src\Common\DataStruct</Filter>
    </ClInclude>
    <ClInclude Include="..\..\Src\Common\DataStruct\Slashes.h">
      <Filter>Src\Common\DataStruct</Filter>
    </ClInclude>
    <ClInclude Include="..\..\Src\Common\DataStruct\stl_alloc.h">
      <Filter>Src\Common\DataStruct</Filter>
    </ClInclude>
    <ClInclude Include="..\..\Src\Common\DataStruct\Sync.h">
      <Filter>Src\Common\DataStruct</Filter>
    </ClInclude>
    <ClInclude Include="..\..\Src\Common\DataStruct\SyncMap.h">
      <Filter>Src\Common\DataStruct</Filter>
    </ClInclude>
    <ClInclude Include="..\..\Src\Common\DataStruct\Thread.h">
      <Filter>Src\Common\DataStruct</Filter>
    </ClInclude>
    <ClInclude Include="..\..\Src\Common\DataStruct\TimeMonitor.h">
      <Filter>Src\Common\DataStruct</Filter>
    </ClInclude>
    <ClInclude Include="..\..\Src\Common\DataStruct\XMath.h">
      <Filter>Src\Common\DataStruct</Filter>
    </ClInclude>
    <ClInclude Include="..\..\Src\Common\DataStruct\XString.h">
      <Filter>Src\Common\DataStruct</Filter>
    </ClInclude>
    <ClInclude Include="..\..\Src\Common\DataStruct\XTime.h">
      <Filter>Src\Common\DataStruct</Filter>
    </ClInclude>
    <ClInclude Include="..\..\Src\Common\DataStruct\Atomic.h">
      <Filter>Src\Common\DataStruct</Filter>
    </ClInclude>
    <ClInclude Include="..\..\Src\Common\DataStruct\ObjID.h">
      <Filter>Src\Common\DataStruct</Filter>
    </ClInclude>
    <ClInclude Include="..\..\Src\Server\GateServer\ClientMgr\Client.h">
      <Filter>Src\ClientMgr</Filter>
    </ClInclude>
    <ClInclude Include="..\..\Src\Server\GateServer\ClientMgr\ClientMgr.h">
      <Filter>Src\ClientMgr</Filter>
    </ClInclude>
    <ClInclude Include="..\..\Src\Common\Platform.h">
      <Filter>Src\Common</Filter>
    </ClInclude>
    <ClInclude Include="..\..\Src\Common\PlatformHeader.h">
      <Filter>Src\Common</Filter>
    </ClInclude>
    <ClInclude Include="..\..\Src\Server\Base\ServerConfig.h">
      <Filter>Src\Base</Filter>
    </ClInclude>
    <ClInclude Include="..\..\Src\Common\TimerMgr\Timer.h">
      <Filter>Src\Common\TimerMgr</Filter>
    </ClInclude>
    <ClInclude Include="..\..\Src\Common\TimerMgr\TimerMgr.h">
      <Filter>Src\Common\TimerMgr</Filter>
    </ClInclude>
    <ClInclude Include="..\..\Src\Server\Base\MsgBalancer.h">
      <Filter>Src\Base</Filter>
    </ClInclude>
  </ItemGroup>
</Project>