<?xml version="1.0" encoding="utf-8"?>
<Project ToolsVersion="4.0" xmlns="http://schemas.microsoft.com/developer/msbuild/2003">
  <ItemGroup>
    <Filter Include="Src">
      <UniqueIdentifier>{cb731821-6cf9-4ccb-9263-78af07465728}</UniqueIdentifier>
    </Filter>
  </ItemGroup>
  <ItemGroup>
    <ClCompile Include="..\..\Source\LuaWrapper\LuaDebugger.cpp">
      <Filter>Src</Filter>
    </ClCompile>
    <ClCompile Include="..\..\Source\LuaWrapper\LuaWrapper.cpp">
      <Filter>Src</Filter>
    </ClCompile>
  </ItemGroup>
</Project>