<?xml version="1.0" encoding="utf-8"?>
<Project ToolsVersion="4.0" xmlns="http://schemas.microsoft.com/developer/msbuild/2003">
  <ItemGroup>
    <Filter Include="Src">
      <UniqueIdentifier>{dbec77f4-3793-4112-886d-99f7f44b44b2}</UniqueIdentifier>
    </Filter>
    <Filter Include="Src\Common">
      <UniqueIdentifier>{f6602385-a2ce-4fbe-b03c-76e5cd4db002}</UniqueIdentifier>
    </Filter>
    <Filter Include="Src\LuaSupport">
      <UniqueIdentifier>{85afee64-7423-4d47-8feb-52fbec804706}</UniqueIdentifier>
    </Filter>
    <Filter Include="Src\Common\LuaCommon">
      <UniqueIdentifier>{acfd148e-f0a9-4289-b644-c08639732fb4}</UniqueIdentifier>
    </Filter>
    <Filter Include="Src\Base">
      <UniqueIdentifier>{61537c02-74dc-423d-ad88-00595d9f51f9}</UniqueIdentifier>
    </Filter>
    <Filter Include="Src\PacketProc">
      <UniqueIdentifier>{276cfca6-9260-4f04-8728-0571b96d9869}</UniqueIdentifier>
    </Filter>
    <Filter Include="Src\Common\PacketParser">
      <UniqueIdentifier>{c14a530f-9273-45af-ab27-1608706494ec}</UniqueIdentifier>
    </Filter>
    <Filter Include="Src\ConfMgr">
      <UniqueIdentifier>{04c69171-16f0-4ff1-960d-e3a22e611bbc}</UniqueIdentifier>
    </Filter>
    <Filter Include="Src\Common\CSVDocument">
      <UniqueIdentifier>{01460c40-9c16-4e3a-9c06-59ebae97eae0}</UniqueIdentifier>
    </Filter>
    <Filter Include="Src\Common\TimerMgr">
      <UniqueIdentifier>{ed2c5e07-2aad-4671-a7a3-4fbe2e238e0e}</UniqueIdentifier>
    </Filter>
    <Filter Include="Src\Common\WordFilter">
      <UniqueIdentifier>{1997457d-9557-4810-baa0-e7427571868f}</UniqueIdentifier>
    </Filter>
    <Filter Include="Src\Util">
      <UniqueIdentifier>{37df5a6e-f663-47ac-ad41-7fcc71c51097}</UniqueIdentifier>
    </Filter>
  </ItemGroup>
  <ItemGroup>
    <ClCompile Include="..\..\Src\Server\Base\NetAdapter.cpp">
      <Filter>Src\Base</Filter>
    </ClCompile>
    <ClCompile Include="..\..\Src\Server\Base\PacketHandler.cpp">
      <Filter>Src\Base</Filter>
    </ClCompile>
    <ClCompile Include="..\..\Src\Server\Base\RouterMgr.cpp">
      <Filter>Src\Base</Filter>
    </ClCompile>
    <ClCompile Include="..\..\Src\Server\Base\ServerContext.cpp">
      <Filter>Src\Base</Filter>
    </ClCompile>
    <ClCompile Include="..\..\Src\Server\Base\Service.cpp">
      <Filter>Src\Base</Filter>
    </ClCompile>
    <ClCompile Include="..\..\Src\Common\LuaCommon\LuaRpc.cpp">
      <Filter>Src\Common\LuaCommon</Filter>
    </ClCompile>
    <ClCompile Include="..\..\Src\Common\LuaCommon\LuaCmd.cpp">
      <Filter>Src\Common\LuaCommon</Filter>
    </ClCompile>
    <ClCompile Include="..\..\Src\RobotClient\Main.cpp">
      <Filter>Src</Filter>
    </ClCompile>
    <ClCompile Include="..\..\Src\RobotClient\Robot.cpp">
      <Filter>Src</Filter>
    </ClCompile>
    <ClCompile Include="..\..\Src\RobotClient\RobotMgr.cpp">
      <Filter>Src</Filter>
    </ClCompile>
    <ClCompile Include="..\..\Src\RobotClient\LuaSupport\LuaExport.cpp">
      <Filter>Src\LuaSupport</Filter>
    </ClCompile>
    <ClCompile Include="..\..\Src\Common\LuaCommon\LuaTableSeri.cpp">
      <Filter>Src\Common\LuaCommon</Filter>
    </ClCompile>
    <ClCompile Include="..\..\Src\RobotClient\PacketProc\RobotPacketProc.cpp">
      <Filter>Src\PacketProc</Filter>
    </ClCompile>
    <ClCompile Include="..\..\Src\Common\PacketParser\PacketReader.cpp">
      <Filter>Src\Common\PacketParser</Filter>
    </ClCompile>
    <ClCompile Include="..\..\Src\Common\PacketParser\PacketWriter.cpp">
      <Filter>Src\Common\PacketParser</Filter>
    </ClCompile>
    <ClCompile Include="..\..\Src\Common\CSVDocument\CSVDocument.cpp">
      <Filter>Src\Common\CSVDocument</Filter>
    </ClCompile>
    <ClCompile Include="..\..\Src\Common\TimerMgr\Timer.cpp">
      <Filter>Src\Common\TimerMgr</Filter>
    </ClCompile>
    <ClCompile Include="..\..\Src\Common\TimerMgr\TimerMgr.cpp">
      <Filter>Src\Common\TimerMgr</Filter>
    </ClCompile>
    <ClCompile Include="..\..\Src\Server\Base\NetworkExport.cpp">
      <Filter>Src\Base</Filter>
    </ClCompile>
    <ClCompile Include="..\..\Src\Common\WordFilter\WordFilter.cpp">
      <Filter>Src\Common\WordFilter</Filter>
    </ClCompile>
    <ClCompile Include="..\..\Src\Server\LogicServer\ConfMgr\ConfMgr.cpp">
      <Filter>Src\ConfMgr</Filter>
    </ClCompile>
    <ClCompile Include="..\..\Src\Server\LogicServer\ConfMgr\MapConf.cpp">
      <Filter>Src\ConfMgr</Filter>
    </ClCompile>
    <ClCompile Include="..\..\Src\Server\Base\MsgBalancer.cpp">
      <Filter>Src\Base</Filter>
    </ClCompile>
    <ClCompile Include="..\..\Src\RobotClient\MsgPack.cpp">
      <Filter>Src</Filter>
    </ClCompile>
  </ItemGroup>
  <ItemGroup>
    <ClInclude Include="..\..\Src\Server\Base\Service.h">
      <Filter>Src\Base</Filter>
    </ClInclude>
    <ClInclude Include="..\..\Src\Server\Base\NetAdapter.h">
      <Filter>Src\Base</Filter>
    </ClInclude>
    <ClInclude Include="..\..\Src\Server\Base\PacketHandler.h">
      <Filter>Src\Base</Filter>
    </ClInclude>
    <ClInclude Include="..\..\Src\Server\Base\RouterMgr.h">
      <Filter>Src\Base</Filter>
    </ClInclude>
    <ClInclude Include="..\..\Src\Server\Base\ServerContext.h">
      <Filter>Src\Base</Filter>
    </ClInclude>
    <ClInclude Include="..\..\Src\Common\LuaCommon\LuaRpc.h">
      <Filter>Src\Common\LuaCommon</Filter>
    </ClInclude>
    <ClInclude Include="..\..\Src\Common\LuaCommon\LuaCmd.h">
      <Filter>Src\Common\LuaCommon</Filter>
    </ClInclude>
    <ClInclude Include="..\..\Src\RobotClient\Robot.h">
      <Filter>Src</Filter>
    </ClInclude>
    <ClInclude Include="..\..\Src\RobotClient\RobotMgr.h">
      <Filter>Src</Filter>
    </ClInclude>
    <ClInclude Include="..\..\Src\RobotClient\LuaSupport\LuaExport.h">
      <Filter>Src\LuaSupport</Filter>
    </ClInclude>
    <ClInclude Include="..\..\Src\Common\LuaCommon\LuaTableSeri.h">
      <Filter>Src\Common\LuaCommon</Filter>
    </ClInclude>
    <ClInclude Include="..\..\Src\RobotClient\PacketProc\RobotPacketProc.h">
      <Filter>Src\PacketProc</Filter>
    </ClInclude>
    <ClInclude Include="..\..\Src\Common\PacketParser\PacketReader.h">
      <Filter>Src\Common\PacketParser</Filter>
    </ClInclude>
    <ClInclude Include="..\..\Src\Common\PacketParser\PacketWriter.h">
      <Filter>Src\Common\PacketParser</Filter>
    </ClInclude>
    <ClInclude Include="..\..\Src\Common\CSVDocument\CSVDocument.h">
      <Filter>Src\Common\CSVDocument</Filter>
    </ClInclude>
    <ClInclude Include="..\..\Src\Common\CSVDocument\CSVSerializer.hpp">
      <Filter>Src\Common\CSVDocument</Filter>
    </ClInclude>
    <ClInclude Include="..\..\Src\Common\CSVDocument\Variant.hpp">
      <Filter>Src\Common\CSVDocument</Filter>
    </ClInclude>
    <ClInclude Include="..\..\Src\Common\TimerMgr\Timer.h">
      <Filter>Src\Common\TimerMgr</Filter>
    </ClInclude>
    <ClInclude Include="..\..\Src\Common\TimerMgr\TimerMgr.h">
      <Filter>Src\Common\TimerMgr</Filter>
    </ClInclude>
    <ClInclude Include="..\..\Src\Server\Base\NetworkExport.h">
      <Filter>Src\Base</Filter>
    </ClInclude>
    <ClInclude Include="..\..\Src\Common\WordFilter\WordFilter.h">
      <Filter>Src\Common\WordFilter</Filter>
    </ClInclude>
    <ClInclude Include="..\..\Src\Server\LogicServer\ConfMgr\ConfMgr.h">
      <Filter>Src\ConfMgr</Filter>
    </ClInclude>
    <ClInclude Include="..\..\Src\Server\LogicServer\ConfMgr\MapConf.h">
      <Filter>Src\ConfMgr</Filter>
    </ClInclude>
    <ClInclude Include="..\..\Src\Server\LogicServer\Component\Battle\BattleUtil.h">
      <Filter>Src\Util</Filter>
    </ClInclude>
    <ClInclude Include="..\..\Src\Server\Base\MsgBalancer.h">
      <Filter>Src\Base</Filter>
    </ClInclude>
    <ClInclude Include="..\..\Src\RobotClient\MsgPack.h">
      <Filter>Src</Filter>
    </ClInclude>
  </ItemGroup>
</Project>