<?xml version="1.0" encoding="utf-8"?>
<Project ToolsVersion="4.0" xmlns="http://schemas.microsoft.com/developer/msbuild/2003">
  <ItemGroup>
    <Filter Include="Src">
      <UniqueIdentifier>{4112d949-4331-49e9-9520-59d9b13523c6}</UniqueIdentifier>
    </Filter>
  </ItemGroup>
  <ItemGroup>
    <ClCompile Include="..\..\Source\LibLogger\Logger.cpp">
      <Filter>Src</Filter>
    </ClCompile>
  </ItemGroup>
</Project>